{
  "pins" : [
    {
      "identity" : "flatbuffers",
      "kind" : "remoteSourceControl",
      "location" : "https://github.com/google/flatbuffers.git",
      "state" : {
        "revision" : "6ff9e90e7e399f3977e99a315856b57c8afe5b4d",
        "version" : "24.3.7"
      }
    }
  ],
  "version" : 2
}
