{
  "pins" : [
    {
      "identity" : "flatbuffers",
      "kind" : "remoteSourceControl",
      "location" : "https://github.com/google/flatbuffers.git",
      "state" : {
        "revision" : "595bf0007ab1929570c7671f091313c8fc20644e",
        "version" : "24.3.25"
      }
    }
  ],
  "version" : 2
}
