{
  "pins" : [
    {
      "identity" : "flatbuffers",
      "kind" : "remoteSourceControl",
      "location" : "https://github.com/google/flatbuffers.git",
      "state" : {
        "revision" : "d1867fb4cf7d64b2d3d23b67e86df6ae5d9f993b",
        "version" : "24.3.6"
      }
    }
  ],
  "version" : 2
}
